
Microsoft Visual Studio Solution File, Format Version 12.00
# Visual Studio Version 17
VisualStudioVersion = 17.5.002.0
MinimumVisualStudioVersion = 10.0.40219.1
Project("{9A19103F-16F7-4668-BE54-9A1E7A4F7556}") = "ServicebusCloner", "ServicebusCloner.csproj", "{409D23B7-2103-454C-9FD2-CEBB0A7032A4}"
EndProject
Global
	GlobalSection(SolutionConfigurationPlatforms) = preSolution
		Debug|Any CPU = Debug|Any CPU
		Release|Any CPU = Release|Any CPU
	EndGlobalSection
	GlobalSection(ProjectConfigurationPlatforms) = postSolution
		{409D23B7-2103-454C-9FD2-CEBB0A7032A4}.Debug|Any CPU.ActiveCfg = Debug|Any CPU
		{409D23B7-2103-454C-9FD2-CEBB0A7032A4}.Debug|Any CPU.Build.0 = Debug|Any CPU
		{409D23B7-2103-454C-9FD2-CEBB0A7032A4}.Release|Any CPU.ActiveCfg = Release|Any CPU
		{409D23B7-2103-454C-9FD2-CEBB0A7032A4}.Release|Any CPU.Build.0 = Release|Any CPU
	EndGlobalSection
	GlobalSection(SolutionProperties) = preSolution
		HideSolutionNode = FALSE
	EndGlobalSection
	GlobalSection(ExtensibilityGlobals) = postSolution
		SolutionGuid = {E69B587A-D120-4A6E-A005-4CEBC0120F82}
	EndGlobalSection
EndGlobal
